github.com/gomarkdown/markdown v0.0.0-20231222211730-1d6d20845b47 h1:k4Tw0nt6lwro3Uin8eqoET7MDA4JnT8YgbCjc/g5E3k=
github.com/gomarkdown/markdown v0.0.0-20231222211730-1d6d20845b47/go.mod h1:JDGcbDT52eL4fju3sZ4TeHGsQwhG9nbDV21aMyhwPoA=
github.com/magefile/mage v1.15.0 h1:BvGheCMAsG3bWUDbZ8AyXXpCNwU9u5CB6sM+HNb9HYg=
github.com/magefile/mage v1.15.0/go.mod h1:z5UZb/iS3GoOSn0JgWuiw7dxlurVYTu+/jHXqQg881A=
